<?xml version="1.0" encoding="utf-8"?>
<Project ToolsVersion="4.0" xmlns="http://schemas.microsoft.com/developer/msbuild/2003">
  <ItemGroup>
    <Filter Include="win32">
      <UniqueIdentifier>{84a8ebd7-7cf0-47f6-b75e-d441df67da40}</UniqueIdentifier>
    </Filter>
    <Filter Include="resource">
      <UniqueIdentifier>{715254bc-d70b-4ec5-bf29-467dd3ace079}</UniqueIdentifier>
    </Filter>
  </ItemGroup>
  <ItemGroup>
    <ClCompile Include="main.cpp">
      <Filter>win32</Filter>
    </ClCompile>
    <ClCompile Include="..\Classes\AppDelegate.cpp" />
    <ClCompile Include="..\Classes\Block.cpp" />
    <ClCompile Include="..\Classes\GameScene.cpp" />
    <ClCompile Include="..\Classes\MapLayer.cpp" />
    <ClCompile Include="..\Classes\BlockShape.cpp" />
    <ClCompile Include="..\Classes\ShapeLayer.cpp" />
    <ClCompile Include="..\Classes\StatusLayer.cpp" />
    <ClCompile Include="..\Classes\GameOverLayer.cpp" />
  </ItemGroup>
  <ItemGroup>
    <ClInclude Include="main.h">
      <Filter>win32</Filter>
    </ClInclude>
    <ClInclude Include="..\Classes\AppDelegate.h" />
    <ClInclude Include="..\Classes\Block.h" />
    <ClInclude Include="..\Classes\GameScene.h" />
    <ClInclude Include="..\Classes\Global.h" />
    <ClInclude Include="..\Classes\MapLayer.h" />
    <ClInclude Include="..\Classes\BlockShape.h" />
    <ClInclude Include="..\Classes\ShapeLayer.h" />
    <ClInclude Include="..\Classes\StatusLayer.h" />
    <ClInclude Include="..\Classes\ScoreInfo.h" />
    <ClInclude Include="..\Classes\GameOverLayer.h" />
  </ItemGroup>
  <ItemGroup>
    <ResourceCompile Include="game.rc">
      <Filter>resource</Filter>
    </ResourceCompile>
  </ItemGroup>
</Project>